// !$*UTF8*$!
{
	archiveVersion = 1;
	classes = {
	};
	objectVersion = 77;
	objects = {

/* Begin PBXBuildFile section */
		E99E44FD2EA7F37F006C46C1 /* FirebaseAuth in Frameworks */ = {isa = PBXBuildFile; productRef = E99E44FC2EA7F37F006C46C1 /* FirebaseAuth */; };
		E99E44FF2EA7F37F006C46C1 /* FirebaseFirestore in Frameworks */ = {isa = PBXBuildFile; productRef = E99E44FE2EA7F37F006C46C1 /* FirebaseFirestore */; };
		E99E45012EA7F37F006C46C1 /* FirebaseStorage in Frameworks */ = {isa = PBXBuildFile; productRef = E99E45002EA7F37F006C46C1 /* FirebaseStorage */; };
/* End PBXBuildFile section */

/* Begin PBXContainerItemProxy section */
		E99E44C32EA7E0C2006C46C1 /* PBXContainerItemProxy */ = {
			isa = PBXContainerItemProxy;
			containerPortal = E99E44AD2EA7E0C1006C46C1 /* Project object */;
			proxyType = 1;
			remoteGlobalIDString = E99E44B42EA7E0C1006C46C1;
			remoteInfo = Stilyst;
		};
		E99E44CD2EA7E0C2006C46C1 /* PBXContainerItemProxy */ = {
			isa = PBXContainerItemProxy;
			containerPortal = E99E44AD2EA7E0C1006C46C1 /* Project object */;
			proxyType = 1;
			remoteGlobalIDString = E99E44B42EA7E0C1006C46C1;
			remoteInfo = Stilyst;
		};
/* End PBXContainerItemProxy section */

/* Begin PBXFileReference section */
		E99E44B52EA7E0C1006C46C1 /* Stilyst.app */ = {isa = PBXFileReference; explicitFileType = wrapper.application; includeInIndex = 0; path = Stilyst.app; sourceTree = BUILT_PRODUCTS_DIR; };
		E99E44C22EA7E0C2006C46C1 /* StilystTests.xctest */ = {isa = PBXFileReference; explicitFileType = wrapper.cfbundle; includeInIndex = 0; path = StilystTests.xctest; sourceTree = BUILT_PRODUCTS_DIR; };
		E99E44CC2EA7E0C2006C46C1 /* StilystUITests.xctest */ = {isa = PBXFileReference; explicitFileType = wrapper.cfbundle; includeInIndex = 0; path = StilystUITests.xctest; sourceTree = BUILT_PRODUCTS_DIR; };
/* End PBXFileReference section */

/* Begin PBXFileSystemSynchronizedRootGroup section */
		E99E44B72EA7E0C1006C46C1 /* Stilyst */ = {
			isa = PBXFileSystemSynchronizedRootGroup;
			path = Stilyst;
			sourceTree = "<group>";
		};
		E99E44C52EA7E0C2006C46C1 /* StilystTests */ = {
			isa = PBXFileSystemSynchronizedRootGroup;
			path = StilystTests;
			sourceTree = "<group>";
		};
		E99E44CF2EA7E0C2006C46C1 /* StilystUITests */ = {
			isa = PBXFileSystemSynchronizedRootGroup;
			path = StilystUITests;
			sourceTree = "<group>";
		};
/* End PBXFileSystemSynchronizedRootGroup section */

/* Begin PBXFrameworksBuildPhase section */
		E99E44B22EA7E0C1006C46C1 /* Frameworks */ = {
			isa = PBXFrameworksBuildPhase;
			buildActionMask = 2147483647;
			files = (
				E99E44FD2EA7F37F006C46C1 /* FirebaseAuth in Frameworks */,
				E99E44FF2EA7F37F006C46C1 /* FirebaseFirestore in Frameworks */,
				E99E45012EA7F37F006C46C1 /* FirebaseStorage in Frameworks */,
			);
			runOnlyForDeploymentPostprocessing = 0;
		};
		E99E44BF2EA7E0C2006C46C1 /* Frameworks */ = {
			isa = PBXFrameworksBuildPhase;
			buildActionMask = 2147483647;
			files = (
			);
			runOnlyForDeploymentPostprocessing = 0;
		};
		E99E44C92EA7E0C2006C46C1 /* Frameworks */ = {
			isa = PBXFrameworksBuildPhase;
			buildActionMask = 2147483647;
			files = (
			);
			runOnlyForDeploymentPostprocessing = 0;
		};
/* End PBXFrameworksBuildPhase section */

/* Begin PBXGroup section */
		E99E44AC2EA7E0C1006C46C1 = {
			isa = PBXGroup;
			children = (
				E99E44B72EA7E0C1006C46C1 /* Stilyst */,
				E99E44C52EA7E0C2006C46C1 /* StilystTests */,
				E99E44CF2EA7E0C2006C46C1 /* StilystUITests */,
				E99E44B62EA7E0C1006C46C1 /* Products */,
			);
			sourceTree = "<group>";
		};
		E99E44B62EA7E0C1006C46C1 /* Products */ = {
			isa = PBXGroup;
			children = (
				E99E44B52EA7E0C1006C46C1 /* Stilyst.app */,
				E99E44C22EA7E0C2006C46C1 /* StilystTests.xctest */,
				E99E44CC2EA7E0C2006C46C1 /* StilystUITests.xctest */,
			);
			name = Products;
			sourceTree = "<group>";
		};
/* End PBXGroup section */

/* Begin PBXNativeTarget section */
		E99E44B42EA7E0C1006C46C1 /* Stilyst */ = {
			isa = PBXNativeTarget;
			buildConfigurationList = E99E44D62EA7E0C2006C46C1 /* Build configuration list for PBXNativeTarget "Stilyst" */;
			buildPhases = (
				E99E44B12EA7E0C1006C46C1 /* Sources */,
				E99E44B22EA7E0C1006C46C1 /* Frameworks */,
				E99E44B32EA7E0C1006C46C1 /* Resources */,
			);
			buildRules = (
			);
			dependencies = (
			);
			fileSystemSynchronizedGroups = (
				E99E44B72EA7E0C1006C46C1 /* Stilyst */,
			);
			name = Stilyst;
			packageProductDependencies = (
				E99E44FC2EA7F37F006C46C1 /* FirebaseAuth */,
				E99E44FE2EA7F37F006C46C1 /* FirebaseFirestore */,
				E99E45002EA7F37F006C46C1 /* FirebaseStorage */,
			);
			productName = Stilyst;
			productReference = E99E44B52EA7E0C1006C46C1 /* Stilyst.app */;
			productType = "com.apple.product-type.application";
		};
		E99E44C12EA7E0C2006C46C1 /* StilystTests */ = {
			isa = PBXNativeTarget;
			buildConfigurationList = E99E44D92EA7E0C2006C46C1 /* Build configuration list for PBXNativeTarget "StilystTests" */;
			buildPhases = (
				E99E44BE2EA7E0C2006C46C1 /* Sources */,
				E99E44BF2EA7E0C2006C46C1 /* Frameworks */,
				E99E44C02EA7E0C2006C46C1 /* Resources */,
			);
			buildRules = (
			);
			dependencies = (
				E99E44C42EA7E0C2006C46C1 /* PBXTargetDependency */,
			);
			fileSystemSynchronizedGroups = (
				E99E44C52EA7E0C2006C46C1 /* StilystTests */,
			);
			name = StilystTests;
			packageProductDependencies = (
			);
			productName = StilystTests;
			productReference = E99E44C22EA7E0C2006C46C1 /* StilystTests.xctest */;
			productType = "com.apple.product-type.bundle.unit-test";
		};
		E99E44CB2EA7E0C2006C46C1 /* StilystUITests */ = {
			isa = PBXNativeTarget;
			buildConfigurationList = E99E44DC2EA7E0C2006C46C1 /* Build configuration list for PBXNativeTarget "StilystUITests" */;
			buildPhases = (
				E99E44C82EA7E0C2006C46C1 /* Sources */,
				E99E44C92EA7E0C2006C46C1 /* Frameworks */,
				E99E44CA2EA7E0C2006C46C1 /* Resources */,
			);
			buildRules = (
			);
			dependencies = (
				E99E44CE2EA7E0C2006C46C1 /* PBXTargetDependency */,
			);
			fileSystemSynchronizedGroups = (
				E99E44CF2EA7E0C2006C46C1 /* StilystUITests */,
			);
			name = StilystUITests;
			packageProductDependencies = (
			);
			productName = StilystUITests;
			productReference = E99E44CC2EA7E0C2006C46C1 /* StilystUITests.xctest */;
			productType = "com.apple.product-type.bundle.ui-testing";
		};
/* End PBXNativeTarget section */

/* Begin PBXProject section */
		E99E44AD2EA7E0C1006C46C1 /* Project object */ = {
			isa = PBXProject;
			attributes = {
				BuildIndependentTargetsInParallel = 1;
				LastSwiftUpdateCheck = 1640;
				LastUpgradeCheck = 1640;
				TargetAttributes = {
					E99E44B42EA7E0C1006C46C1 = {
						CreatedOnToolsVersion = 16.4;
					};
					E99E44C12EA7E0C2006C46C1 = {
						CreatedOnToolsVersion = 16.4;
						TestTargetID = E99E44B42EA7E0C1006C46C1;
					};
					E99E44CB2EA7E0C2006C46C1 = {
						CreatedOnToolsVersion = 16.4;
						TestTargetID = E99E44B42EA7E0C1006C46C1;
					};
				};
			};
			buildConfigurationList = E99E44B02EA7E0C1006C46C1 /* Build configuration list for PBXProject "Stilyst" */;
			developmentRegion = en;
			hasScannedForEncodings = 0;
			knownRegions = (
				en,
				Base,
			);
			mainGroup = E99E44AC2EA7E0C1006C46C1;
			minimizedProjectReferenceProxies = 1;
			packageReferences = (
				E99E44FB2EA7F37F006C46C1 /* XCRemoteSwiftPackageReference "firebase-ios-sdk" */,
			);
			preferredProjectObjectVersion = 77;
			productRefGroup = E99E44B62EA7E0C1006C46C1 /* Products */;
			projectDirPath = "";
			projectRoot = "";
			targets = (
				E99E44B42EA7E0C1006C46C1 /* Stilyst */,
				E99E44C12EA7E0C2006C46C1 /* StilystTests */,
				E99E44CB2EA7E0C2006C46C1 /* StilystUITests */,
			);
		};
/* End PBXProject section */

/* Begin PBXResourcesBuildPhase section */
		E99E44B32EA7E0C1006C46C1 /* Resources */ = {
			isa = PBXResourcesBuildPhase;
			buildActionMask = 2147483647;
			files = (
			);
			runOnlyForDeploymentPostprocessing = 0;
		};
		E99E44C02EA7E0C2006C46C1 /* Resources */ = {
			isa = PBXResourcesBuildPhase;
			buildActionMask = 2147483647;
			files = (
			);
			runOnlyForDeploymentPostprocessing = 0;
		};
		E99E44CA2EA7E0C2006C46C1 /* Resources */ = {
			isa = PBXResourcesBuildPhase;
			buildActionMask = 2147483647;
			files = (
			);
			runOnlyForDeploymentPostprocessing = 0;
		};
/* End PBXResourcesBuildPhase section */

/* Begin PBXSourcesBuildPhase section */
		E99E44B12EA7E0C1006C46C1 /* Sources */ = {
			isa = PBXSourcesBuildPhase;
			buildActionMask = 2147483647;
			files = (
			);
			runOnlyForDeploymentPostprocessing = 0;
		};
		E99E44BE2EA7E0C2006C46C1 /* Sources */ = {
			isa = PBXSourcesBuildPhase;
			buildActionMask = 2147483647;
			files = (
			);
			runOnlyForDeploymentPostprocessing = 0;
		};
		E99E44C82EA7E0C2006C46C1 /* Sources */ = {
			isa = PBXSourcesBuildPhase;
			buildActionMask = 2147483647;
			files = (
			);
			runOnlyForDeploymentPostprocessing = 0;
		};
/* End PBXSourcesBuildPhase section */

/* Begin PBXTargetDependency section */
		E99E44C42EA7E0C2006C46C1 /* PBXTargetDependency */ = {
			isa = PBXTargetDependency;
			target = E99E44B42EA7E0C1006C46C1 /* Stilyst */;
			targetProxy = E99E44C32EA7E0C2006C46C1 /* PBXContainerItemProxy */;
		};
		E99E44CE2EA7E0C2006C46C1 /* PBXTargetDependency */ = {
			isa = PBXTargetDependency;
			target = E99E44B42EA7E0C1006C46C1 /* Stilyst */;
			targetProxy = E99E44CD2EA7E0C2006C46C1 /* PBXContainerItemProxy */;
		};
/* End PBXTargetDependency section */

/* Begin XCBuildConfiguration section */
		E99E44D42EA7E0C2006C46C1 /* Debug */ = {
			isa = XCBuildConfiguration;
			buildSettings = {
				ALWAYS_SEARCH_USER_PATHS = NO;
				ASSETCATALOG_COMPILER_GENERATE_SWIFT_ASSET_SYMBOL_EXTENSIONS = YES;
				CLANG_ANALYZER_NONNULL = YES;
				CLANG_ANALYZER_NUMBER_OBJECT_CONVERSION = YES_AGGRESSIVE;
				CLANG_CXX_LANGUAGE_STANDARD = "gnu++20";
				CLANG_ENABLE_MODULES = YES;
				CLANG_ENABLE_OBJC_ARC = YES;
				CLANG_ENABLE_OBJC_WEAK = YES;
				CLANG_WARN_BLOCK_CAPTURE_AUTORELEASING = YES;
				CLANG_WARN_BOOL_CONVERSION = YES;
				CLANG_WARN_COMMA = YES;
				CLANG_WARN_CONSTANT_CONVERSION = YES;
				CLANG_WARN_DEPRECATED_OBJC_IMPLEMENTATIONS = YES;
				CLANG_WARN_DIRECT_OBJC_ISA_USAGE = YES_ERROR;
				CLANG_WARN_DOCUMENTATION_COMMENTS = YES;
				CLANG_WARN_EMPTY_BODY = YES;
				CLANG_WARN_ENUM_CONVERSION = YES;
				CLANG_WARN_INFINITE_RECURSION = YES;
				CLANG_WARN_INT_CONVERSION = YES;
				CLANG_WARN_NON_LITERAL_NULL_CONVERSION = YES;
				CLANG_WARN_OBJC_IMPLICIT_RETAIN_SELF = YES;
				CLANG_WARN_OBJC_LITERAL_CONVERSION = YES;
				CLANG_WARN_OBJC_ROOT_CLASS = YES_ERROR;
				CLANG_WARN_QUOTED_INCLUDE_IN_FRAMEWORK_HEADER = YES;
				CLANG_WARN_RANGE_LOOP_ANALYSIS = YES;
				CLANG_WARN_STRICT_PROTOTYPES = YES;
				CLANG_WARN_SUSPICIOUS_MOVE = YES;
				CLANG_WARN_UNGUARDED_AVAILABILITY = YES_AGGRESSIVE;
				CLANG_WARN_UNREACHABLE_CODE = YES;
				CLANG_WARN__DUPLICATE_METHOD_MATCH = YES;
				COPY_PHASE_STRIP = NO;
				DEBUG_INFORMATION_FORMAT = dwarf;
				DEVELOPMENT_TEAM = WG837V57YJ;
				ENABLE_STRICT_OBJC_MSGSEND = YES;
				ENABLE_TESTABILITY = YES;
				ENABLE_USER_SCRIPT_SANDBOXING = YES;
				GCC_C_LANGUAGE_STANDARD = gnu17;
				GCC_DYNAMIC_NO_PIC = NO;
				GCC_NO_COMMON_BLOCKS = YES;
				GCC_OPTIMIZATION_LEVEL = 0;
				GCC_PREPROCESSOR_DEFINITIONS = (
					"DEBUG=1",
					"$(inherited)",
				);
				GCC_WARN_64_TO_32_BIT_CONVERSION = YES;
				GCC_WARN_ABOUT_RETURN_TYPE = YES_ERROR;
				GCC_WARN_UNDECLARED_SELECTOR = YES;
				GCC_WARN_UNINITIALIZED_AUTOS = YES_AGGRESSIVE;
				GCC_WARN_UNUSED_FUNCTION = YES;
				GCC_WARN_UNUSED_VARIABLE = YES;
				IPHONEOS_DEPLOYMENT_TARGET = 18.5;
				LOCALIZATION_PREFERS_STRING_CATALOGS = YES;
				MTL_ENABLE_DEBUG_INFO = INCLUDE_SOURCE;
				MTL_FAST_MATH = YES;
				ONLY_ACTIVE_ARCH = YES;
				SDKROOT = iphoneos;
				SWIFT_ACTIVE_COMPILATION_CONDITIONS = "DEBUG $(inherited)";
				SWIFT_OPTIMIZATION_LEVEL = "-Onone";
			};
			name = Debug;
		};
		E99E44D52EA7E0C2006C46C1 /* Release */ = {
			isa = XCBuildConfiguration;
			buildSettings = {
				ALWAYS_SEARCH_USER_PATHS = NO;
				ASSETCATALOG_COMPILER_GENERATE_SWIFT_ASSET_SYMBOL_EXTENSIONS = YES;
				CLANG_ANALYZER_NONNULL = YES;
				CLANG_ANALYZER_NUMBER_OBJECT_CONVERSION = YES_AGGRESSIVE;
				CLANG_CXX_LANGUAGE_STANDARD = "gnu++20";
				CLANG_ENABLE_MODULES = YES;
				CLANG_ENABLE_OBJC_ARC = YES;
				CLANG_ENABLE_OBJC_WEAK = YES;
				CLANG_WARN_BLOCK_CAPTURE_AUTORELEASING = YES;
				CLANG_WARN_BOOL_CONVERSION = YES;
				CLANG_WARN_COMMA = YES;
				CLANG_WARN_CONSTANT_CONVERSION = YES;
				CLANG_WARN_DEPRECATED_OBJC_IMPLEMENTATIONS = YES;
				CLANG_WARN_DIRECT_OBJC_ISA_USAGE = YES_ERROR;
				CLANG_WARN_DOCUMENTATION_COMMENTS = YES;
				CLANG_WARN_EMPTY_BODY = YES;
				CLANG_WARN_ENUM_CONVERSION = YES;
				CLANG_WARN_INFINITE_RECURSION = YES;
				CLANG_WARN_INT_CONVERSION = YES;
				CLANG_WARN_NON_LITERAL_NULL_CONVERSION = YES;
				CLANG_WARN_OBJC_IMPLICIT_RETAIN_SELF = YES;
				CLANG_WARN_OBJC_LITERAL_CONVERSION = YES;
				CLANG_WARN_OBJC_ROOT_CLASS = YES_ERROR;
				CLANG_WARN_QUOTED_INCLUDE_IN_FRAMEWORK_HEADER = YES;
				CLANG_WARN_RANGE_LOOP_ANALYSIS = YES;
				CLANG_WARN_STRICT_PROTOTYPES = YES;
				CLANG_WARN_SUSPICIOUS_MOVE = YES;
				CLANG_WARN_UNGUARDED_AVAILABILITY = YES_AGGRESSIVE;
				CLANG_WARN_UNREACHABLE_CODE = YES;
				CLANG_WARN__DUPLICATE_METHOD_MATCH = YES;
				COPY_PHASE_STRIP = NO;
				DEBUG_INFORMATION_FORMAT = "dwarf-with-dsym";
				DEVELOPMENT_TEAM = WG837V57YJ;
				ENABLE_NS_ASSERTIONS = NO;
				ENABLE_STRICT_OBJC_MSGSEND = YES;
				ENABLE_USER_SCRIPT_SANDBOXING = YES;
				GCC_C_LANGUAGE_STANDARD = gnu17;
				GCC_NO_COMMON_BLOCKS = YES;
				GCC_WARN_64_TO_32_BIT_CONVERSION = YES;
				GCC_WARN_ABOUT_RETURN_TYPE = YES_ERROR;
				GCC_WARN_UNDECLARED_SELECTOR = YES;
				GCC_WARN_UNINITIALIZED_AUTOS = YES_AGGRESSIVE;
				GCC_WARN_UNUSED_FUNCTION = YES;
				GCC_WARN_UNUSED_VARIABLE = YES;
				IPHONEOS_DEPLOYMENT_TARGET = 18.5;
				LOCALIZATION_PREFERS_STRING_CATALOGS = YES;
				MTL_ENABLE_DEBUG_INFO = NO;
				MTL_FAST_MATH = YES;
				SDKROOT = iphoneos;
				SWIFT_COMPILATION_MODE = wholemodule;
				VALIDATE_PRODUCT = YES;
			};
			name = Release;
		};
		E99E44D72EA7E0C2006C46C1 /* Debug */ = {
			isa = XCBuildConfiguration;
			buildSettings = {
				ASSETCATALOG_COMPILER_APPICON_NAME = AppIcon;
				ASSETCATALOG_COMPILER_GLOBAL_ACCENT_COLOR_NAME = AccentColor;
				CODE_SIGN_STYLE = Automatic;
				CURRENT_PROJECT_VERSION = 1;
				DEVELOPMENT_TEAM = WG837V57YJ;
				ENABLE_PREVIEWS = YES;
				GENERATE_INFOPLIST_FILE = YES;
				INFOPLIST_KEY_UIApplicationSceneManifest_Generation = YES;
				INFOPLIST_KEY_UIApplicationSupportsIndirectInputEvents = YES;
				INFOPLIST_KEY_UILaunchScreen_Generation = YES;
				INFOPLIST_KEY_UISupportedInterfaceOrientations_iPad = "UIInterfaceOrientationPortrait UIInterfaceOrientationPortraitUpsideDown UIInterfaceOrientationLandscapeLeft UIInterfaceOrientationLandscapeRight";
				INFOPLIST_KEY_UISupportedInterfaceOrientations_iPhone = "UIInterfaceOrientationPortrait UIInterfaceOrientationLandscapeLeft UIInterfaceOrientationLandscapeRight";
				LD_RUNPATH_SEARCH_PATHS = (
					"$(inherited)",
					"@executable_path/Frameworks",
				);
				MARKETING_VERSION = 1.0;
				PRODUCT_BUNDLE_IDENTIFIER = com.stilyst;
				PRODUCT_NAME = "$(TARGET_NAME)";
				SWIFT_EMIT_LOC_STRINGS = YES;
				SWIFT_VERSION = 5.0;
				TARGETED_DEVICE_FAMILY = "1,2";
			};
			name = Debug;
		};
		E99E44D82EA7E0C2006C46C1 /* Release */ = {
			isa = XCBuildConfiguration;
			buildSettings = {
				ASSETCATALOG_COMPILER_APPICON_NAME = AppIcon;
				ASSETCATALOG_COMPILER_GLOBAL_ACCENT_COLOR_NAME = AccentColor;
				CODE_SIGN_STYLE = Automatic;
				CURRENT_PROJECT_VERSION = 1;
				DEVELOPMENT_TEAM = WG837V57YJ;
				ENABLE_PREVIEWS = YES;
				GENERATE_INFOPLIST_FILE = YES;
				INFOPLIST_KEY_UIApplicationSceneManifest_Generation = YES;
				INFOPLIST_KEY_UIApplicationSupportsIndirectInputEvents = YES;
				INFOPLIST_KEY_UILaunchScreen_Generation = YES;
				INFOPLIST_KEY_UISupportedInterfaceOrientations_iPad = "UIInterfaceOrientationPortrait UIInterfaceOrientationPortraitUpsideDown UIInterfaceOrientationLandscapeLeft UIInterfaceOrientationLandscapeRight";
				INFOPLIST_KEY_UISupportedInterfaceOrientations_iPhone = "UIInterfaceOrientationPortrait UIInterfaceOrientationLandscapeLeft UIInterfaceOrientationLandscapeRight";
				LD_RUNPATH_SEARCH_PATHS = (
					"$(inherited)",
					"@executable_path/Frameworks",
				);
				MARKETING_VERSION = 1.0;
				PRODUCT_BUNDLE_IDENTIFIER = com.stilyst;
				PRODUCT_NAME = "$(TARGET_NAME)";
				SWIFT_EMIT_LOC_STRINGS = YES;
				SWIFT_VERSION = 5.0;
				TARGETED_DEVICE_FAMILY = "1,2";
			};
			name = Release;
		};
		E99E44DA2EA7E0C2006C46C1 /* Debug */ = {
			isa = XCBuildConfiguration;
			buildSettings = {
				BUNDLE_LOADER = "$(TEST_HOST)";
				CODE_SIGN_STYLE = Automatic;
				CURRENT_PROJECT_VERSION = 1;
				DEVELOPMENT_TEAM = WG837V57YJ;
				GENERATE_INFOPLIST_FILE = YES;
				IPHONEOS_DEPLOYMENT_TARGET = 18.5;
				MARKETING_VERSION = 1.0;
				PRODUCT_BUNDLE_IDENTIFIER = home.StilystTests;
				PRODUCT_NAME = "$(TARGET_NAME)";
				SWIFT_EMIT_LOC_STRINGS = NO;
				SWIFT_VERSION = 5.0;
				TARGETED_DEVICE_FAMILY = "1,2";
				TEST_HOST = "$(BUILT_PRODUCTS_DIR)/Stilyst.app/$(BUNDLE_EXECUTABLE_FOLDER_PATH)/Stilyst";
			};
			name = Debug;
		};
		E99E44DB2EA7E0C2006C46C1 /* Release */ = {
			isa = XCBuildConfiguration;
			buildSettings = {
				BUNDLE_LOADER = "$(TEST_HOST)";
				CODE_SIGN_STYLE = Automatic;
				CURRENT_PROJECT_VERSION = 1;
				DEVELOPMENT_TEAM = WG837V57YJ;
				GENERATE_INFOPLIST_FILE = YES;
				IPHONEOS_DEPLOYMENT_TARGET = 18.5;
				MARKETING_VERSION = 1.0;
				PRODUCT_BUNDLE_IDENTIFIER = home.StilystTests;
				PRODUCT_NAME = "$(TARGET_NAME)";
				SWIFT_EMIT_LOC_STRINGS = NO;
				SWIFT_VERSION = 5.0;
				TARGETED_DEVICE_FAMILY = "1,2";
				TEST_HOST = "$(BUILT_PRODUCTS_DIR)/Stilyst.app/$(BUNDLE_EXECUTABLE_FOLDER_PATH)/Stilyst";
			};
			name = Release;
		};
		E99E44DD2EA7E0C2006C46C1 /* Debug */ = {
			isa = XCBuildConfiguration;
			buildSettings = {
				CODE_SIGN_STYLE = Automatic;
				CURRENT_PROJECT_VERSION = 1;
				DEVELOPMENT_TEAM = WG837V57YJ;
				GENERATE_INFOPLIST_FILE = YES;
				MARKETING_VERSION = 1.0;
				PRODUCT_BUNDLE_IDENTIFIER = home.StilystUITests;
				PRODUCT_NAME = "$(TARGET_NAME)";
				SWIFT_EMIT_LOC_STRINGS = NO;
				SWIFT_VERSION = 5.0;
				TARGETED_DEVICE_FAMILY = "1,2";
				TEST_TARGET_NAME = Stilyst;
			};
			name = Debug;
		};
		E99E44DE2EA7E0C2006C46C1 /* Release */ = {
			isa = XCBuildConfiguration;
			buildSettings = {
				CODE_SIGN_STYLE = Automatic;
				CURRENT_PROJECT_VERSION = 1;
				DEVELOPMENT_TEAM = WG837V57YJ;
				GENERATE_INFOPLIST_FILE = YES;
				MARKETING_VERSION = 1.0;
				PRODUCT_BUNDLE_IDENTIFIER = home.StilystUITests;
				PRODUCT_NAME = "$(TARGET_NAME)";
				SWIFT_EMIT_LOC_STRINGS = NO;
				SWIFT_VERSION = 5.0;
				TARGETED_DEVICE_FAMILY = "1,2";
				TEST_TARGET_NAME = Stilyst;
			};
			name = Release;
		};
/* End XCBuildConfiguration section */

/* Begin XCConfigurationList section */
		E99E44B02EA7E0C1006C46C1 /* Build configuration list for PBXProject "Stilyst" */ = {
			isa = XCConfigurationList;
			buildConfigurations = (
				E99E44D42EA7E0C2006C46C1 /* Debug */,
				E99E44D52EA7E0C2006C46C1 /* Release */,
			);
			defaultConfigurationIsVisible = 0;
			defaultConfigurationName = Release;
		};
		E99E44D62EA7E0C2006C46C1 /* Build configuration list for PBXNativeTarget "Stilyst" */ = {
			isa = XCConfigurationList;
			buildConfigurations = (
				E99E44D72EA7E0C2006C46C1 /* Debug */,
				E99E44D82EA7E0C2006C46C1 /* Release */,
			);
			defaultConfigurationIsVisible = 0;
			defaultConfigurationName = Release;
		};
		E99E44D92EA7E0C2006C46C1 /* Build configuration list for PBXNativeTarget "StilystTests" */ = {
			isa = XCConfigurationList;
			buildConfigurations = (
				E99E44DA2EA7E0C2006C46C1 /* Debug */,
				E99E44DB2EA7E0C2006C46C1 /* Release */,
			);
			defaultConfigurationIsVisible = 0;
			defaultConfigurationName = Release;
		};
		E99E44DC2EA7E0C2006C46C1 /* Build configuration list for PBXNativeTarget "StilystUITests" */ = {
			isa = XCConfigurationList;
			buildConfigurations = (
				E99E44DD2EA7E0C2006C46C1 /* Debug */,
				E99E44DE2EA7E0C2006C46C1 /* Release */,
			);
			defaultConfigurationIsVisible = 0;
			defaultConfigurationName = Release;
		};
/* End XCConfigurationList section */

/* Begin XCRemoteSwiftPackageReference section */
		E99E44FB2EA7F37F006C46C1 /* XCRemoteSwiftPackageReference "firebase-ios-sdk" */ = {
			isa = XCRemoteSwiftPackageReference;
			repositoryURL = "https://github.com/firebase/firebase-ios-sdk";
			requirement = {
				kind = upToNextMajorVersion;
				minimumVersion = 12.4.0;
			};
		};
/* End XCRemoteSwiftPackageReference section */

/* Begin XCSwiftPackageProductDependency section */
		E99E44FC2EA7F37F006C46C1 /* FirebaseAuth */ = {
			isa = XCSwiftPackageProductDependency;
			package = E99E44FB2EA7F37F006C46C1 /* XCRemoteSwiftPackageReference "firebase-ios-sdk" */;
			productName = FirebaseAuth;
		};
		E99E44FE2EA7F37F006C46C1 /* FirebaseFirestore */ = {
			isa = XCSwiftPackageProductDependency;
			package = E99E44FB2EA7F37F006C46C1 /* XCRemoteSwiftPackageReference "firebase-ios-sdk" */;
			productName = FirebaseFirestore;
		};
		E99E45002EA7F37F006C46C1 /* FirebaseStorage */ = {
			isa = XCSwiftPackageProductDependency;
			package = E99E44FB2EA7F37F006C46C1 /* XCRemoteSwiftPackageReference "firebase-ios-sdk" */;
			productName = FirebaseStorage;
		};
/* End XCSwiftPackageProductDependency section */
	};
	rootObject = E99E44AD2EA7E0C1006C46C1 /* Project object */;
}
